{
  "nodes": {
    "nixpkgs": {
      "locked": {
        "lastModified": 1620374106,
        "narHash": "sha256-1v3hj48aGu6pQZEW/nC/JIi+S1oUL3pJwCAyi4GLXNQ=",
        "owner": "NixOS",
        "repo": "nixpkgs",
        "rev": "1c16013bd6e94da748b41cc123c6b509a23eb440",
        "type": "github"
      },
      "original": {
        "owner": "NixOS",
        "ref": "nixpkgs-unstable",
        "repo": "nixpkgs",
        "type": "github"
      }
    },
    "root": {
      "inputs": {
        "nixpkgs": "nixpkgs",
        "utils": "utils"
      }
    },
    "utils": {
      "locked": {
        "lastModified": 1609246779,
        "narHash": "sha256-eq6ZXE/VWo3EMC65jmIT6H/rrUc9UWOWVujkzav025k=",
        "owner": "numtide",
        "repo": "flake-utils",
        "rev": "08c7ad4a0844adc4a7f9f5bb3beae482e789afa4",
        "type": "github"
      },
      "original": {
        "owner": "numtide",
        "repo": "flake-utils",
        "type": "github"
      }
    }
  },
  "root": "root",
  "version": 7
}
